PODS:
  - MessageInputBar (0.4.1):
    - MessageInputBar/Core (= 0.4.1)
  - MessageInputBar/Core (0.4.1)
  - MessageKit (2.0.0):
    - MessageInputBar/Core
  - SoundWave (0.1.4)

DEPENDENCIES:
  - MessageInputBar (from `https://github.com/MessageKit/MessageInputBar.git`, branch `master`)
  - MessageKit (from `../`)
  - SoundWave (from `../VoiceAndKeyboard/SoundWave`)

EXTERNAL SOURCES:
  MessageInputBar:
    :branch: master
    :git: https://github.com/MessageKit/MessageInputBar.git
  MessageKit:
    :path: ../
  SoundWave:
    :path: ../VoiceAndKeyboard/SoundWave

CHECKOUT OPTIONS:
  MessageInputBar:
    :commit: faebe27f2dd8f39ea145e75b7296ef48133c099a
    :git: https://github.com/MessageKit/MessageInputBar.git

SPEC CHECKSUMS:
  MessageInputBar: e81c7535347f1f7b923de7080409a535a004b6e4
  MessageKit: e2b9fdb35f2c84f4ff49d6cbd75271f2c9c782a7
  SoundWave: dac01e9272a7c9dccaca517838c1257b1038bbb0

PODFILE CHECKSUM: 27fdc6a327d09ec995ab45ab1744bee38b5cd9ae

COCOAPODS: 1.4.0
